// !$*UTF8*$!
{
	archiveVersion = 1;
	classes = {
	};
	objectVersion = 56;
	objects = {

/* Begin PBXBuildFile section */
		0BE7767929B5F4FF004FFB75 /* GIFO.docc in Sources */ = {isa = PBXBuildFile; fileRef = 0BE7767829B5F4FF004FFB75 /* GIFO.docc */; };
		0BE7767F29B5F500004FFB75 /* GIFO.framework in Frameworks */ = {isa = PBXBuildFile; fileRef = 0BE7767429B5F4FF004FFB75 /* GIFO.framework */; };
		0BE7768429B5F500004FFB75 /* GIFOTests.swift in Sources */ = {isa = PBXBuildFile; fileRef = 0BE7768329B5F500004FFB75 /* GIFOTests.swift */; };
		0BE7768529B5F500004FFB75 /* GIFO.h in Headers */ = {isa = PBXBuildFile; fileRef = 0BE7767729B5F4FF004FFB75 /* GIFO.h */; settings = {ATTRIBUTES = (Public, ); }; };
		0BE7769129B5F655004FFB75 /* GIFOFrame.swift in Sources */ = {isa = PBXBuildFile; fileRef = 0BE7769029B5F655004FFB75 /* GIFOFrame.swift */; };
		0BE7769329B5F680004FFB75 /* GIFOImageCache.swift in Sources */ = {isa = PBXBuildFile; fileRef = 0BE7769229B5F680004FFB75 /* GIFOImageCache.swift */; };
		0BE7769529B5F68D004FFB75 /* GIFOImageCacheItem.swift in Sources */ = {isa = PBXBuildFile; fileRef = 0BE7769429B5F68D004FFB75 /* GIFOImageCacheItem.swift */; };
		0BE7769729B5F696004FFB75 /* GIFOFrameFactory.swift in Sources */ = {isa = PBXBuildFile; fileRef = 0BE7769629B5F696004FFB75 /* GIFOFrameFactory.swift */; };
		0BE7769929B5F6A0004FFB75 /* GIFOAnimator.swift in Sources */ = {isa = PBXBuildFile; fileRef = 0BE7769829B5F6A0004FFB75 /* GIFOAnimator.swift */; };
		0BE7769B29B5F6A7004FFB75 /* GIFOIMageView.swift in Sources */ = {isa = PBXBuildFile; fileRef = 0BE7769A29B5F6A7004FFB75 /* GIFOIMageView.swift */; };
		0BE7769D29B5F6B1004FFB75 /* GIFODownLoader.swift in Sources */ = {isa = PBXBuildFile; fileRef = 0BE7769C29B5F6B1004FFB75 /* GIFODownLoader.swift */; };
/* End PBXBuildFile section */

/* Begin PBXContainerItemProxy section */
		0BE7768029B5F500004FFB75 /* PBXContainerItemProxy */ = {
			isa = PBXContainerItemProxy;
			containerPortal = 0BE7766B29B5F4FF004FFB75 /* Project object */;
			proxyType = 1;
			remoteGlobalIDString = 0BE7767329B5F4FF004FFB75;
			remoteInfo = GIFO;
		};
/* End PBXContainerItemProxy section */

/* Begin PBXFileReference section */
		0BE7767429B5F4FF004FFB75 /* GIFO.framework */ = {isa = PBXFileReference; explicitFileType = wrapper.framework; includeInIndex = 0; path = GIFO.framework; sourceTree = BUILT_PRODUCTS_DIR; };
		0BE7767729B5F4FF004FFB75 /* GIFO.h */ = {isa = PBXFileReference; lastKnownFileType = sourcecode.c.h; path = GIFO.h; sourceTree = "<group>"; };
		0BE7767829B5F4FF004FFB75 /* GIFO.docc */ = {isa = PBXFileReference; lastKnownFileType = folder.documentationcatalog; path = GIFO.docc; sourceTree = "<group>"; };
		0BE7767E29B5F500004FFB75 /* GIFOTests.xctest */ = {isa = PBXFileReference; explicitFileType = wrapper.cfbundle; includeInIndex = 0; path = GIFOTests.xctest; sourceTree = BUILT_PRODUCTS_DIR; };
		0BE7768329B5F500004FFB75 /* GIFOTests.swift */ = {isa = PBXFileReference; lastKnownFileType = sourcecode.swift; path = GIFOTests.swift; sourceTree = "<group>"; };
		0BE7769029B5F655004FFB75 /* GIFOFrame.swift */ = {isa = PBXFileReference; lastKnownFileType = sourcecode.swift; path = GIFOFrame.swift; sourceTree = "<group>"; };
		0BE7769229B5F680004FFB75 /* GIFOImageCache.swift */ = {isa = PBXFileReference; lastKnownFileType = sourcecode.swift; path = GIFOImageCache.swift; sourceTree = "<group>"; };
		0BE7769429B5F68D004FFB75 /* GIFOImageCacheItem.swift */ = {isa = PBXFileReference; lastKnownFileType = sourcecode.swift; path = GIFOImageCacheItem.swift; sourceTree = "<group>"; };
		0BE7769629B5F696004FFB75 /* GIFOFrameFactory.swift */ = {isa = PBXFileReference; lastKnownFileType = sourcecode.swift; path = GIFOFrameFactory.swift; sourceTree = "<group>"; };
		0BE7769829B5F6A0004FFB75 /* GIFOAnimator.swift */ = {isa = PBXFileReference; lastKnownFileType = sourcecode.swift; path = GIFOAnimator.swift; sourceTree = "<group>"; };
		0BE7769A29B5F6A7004FFB75 /* GIFOIMageView.swift */ = {isa = PBXFileReference; lastKnownFileType = sourcecode.swift; path = GIFOIMageView.swift; sourceTree = "<group>"; };
		0BE7769C29B5F6B1004FFB75 /* GIFODownLoader.swift */ = {isa = PBXFileReference; lastKnownFileType = sourcecode.swift; path = GIFODownLoader.swift; sourceTree = "<group>"; };
/* End PBXFileReference section */

/* Begin PBXFrameworksBuildPhase section */
		0BE7767129B5F4FF004FFB75 /* Frameworks */ = {
			isa = PBXFrameworksBuildPhase;
			buildActionMask = 2147483647;
			files = (
			);
			runOnlyForDeploymentPostprocessing = 0;
		};
		0BE7767B29B5F500004FFB75 /* Frameworks */ = {
			isa = PBXFrameworksBuildPhase;
			buildActionMask = 2147483647;
			files = (
				0BE7767F29B5F500004FFB75 /* GIFO.framework in Frameworks */,
			);
			runOnlyForDeploymentPostprocessing = 0;
		};
/* End PBXFrameworksBuildPhase section */

/* Begin PBXGroup section */
		0BE7766A29B5F4FF004FFB75 = {
			isa = PBXGroup;
			children = (
				0BE7767629B5F4FF004FFB75 /* GIFO */,
				0BE7768229B5F500004FFB75 /* GIFOTests */,
				0BE7767529B5F4FF004FFB75 /* Products */,
			);
			sourceTree = "<group>";
		};
		0BE7767529B5F4FF004FFB75 /* Products */ = {
			isa = PBXGroup;
			children = (
				0BE7767429B5F4FF004FFB75 /* GIFO.framework */,
				0BE7767E29B5F500004FFB75 /* GIFOTests.xctest */,
			);
			name = Products;
			sourceTree = "<group>";
		};
		0BE7767629B5F4FF004FFB75 /* GIFO */ = {
			isa = PBXGroup;
			children = (
				0BE7768E29B5F5FF004FFB75 /* Resource */,
				0BE7768F29B5F606004FFB75 /* Source */,
			);
			path = GIFO;
			sourceTree = "<group>";
		};
		0BE7768229B5F500004FFB75 /* GIFOTests */ = {
			isa = PBXGroup;
			children = (
				0BE7768329B5F500004FFB75 /* GIFOTests.swift */,
			);
			path = GIFOTests;
			sourceTree = "<group>";
		};
		0BE7768E29B5F5FF004FFB75 /* Resource */ = {
			isa = PBXGroup;
			children = (
				0BE7767729B5F4FF004FFB75 /* GIFO.h */,
				0BE7767829B5F4FF004FFB75 /* GIFO.docc */,
			);
			path = Resource;
			sourceTree = "<group>";
		};
		0BE7768F29B5F606004FFB75 /* Source */ = {
			isa = PBXGroup;
			children = (
				0BE7769029B5F655004FFB75 /* GIFOFrame.swift */,
				0BE7769229B5F680004FFB75 /* GIFOImageCache.swift */,
				0BE7769429B5F68D004FFB75 /* GIFOImageCacheItem.swift */,
				0BE7769629B5F696004FFB75 /* GIFOFrameFactory.swift */,
				0BE7769829B5F6A0004FFB75 /* GIFOAnimator.swift */,
				0BE7769A29B5F6A7004FFB75 /* GIFOIMageView.swift */,
				0BE7769C29B5F6B1004FFB75 /* GIFODownLoader.swift */,
			);
			path = Source;
			sourceTree = "<group>";
		};
/* End PBXGroup section */

/* Begin PBXHeadersBuildPhase section */
		0BE7766F29B5F4FF004FFB75 /* Headers */ = {
			isa = PBXHeadersBuildPhase;
			buildActionMask = 2147483647;
			files = (
				0BE7768529B5F500004FFB75 /* GIFO.h in Headers */,
			);
			runOnlyForDeploymentPostprocessing = 0;
		};
/* End PBXHeadersBuildPhase section */

/* Begin PBXNativeTarget section */
		0BE7767329B5F4FF004FFB75 /* GIFO */ = {
			isa = PBXNativeTarget;
			buildConfigurationList = 0BE7768829B5F500004FFB75 /* Build configuration list for PBXNativeTarget "GIFO" */;
			buildPhases = (
				0BE7766F29B5F4FF004FFB75 /* Headers */,
				0BE7767029B5F4FF004FFB75 /* Sources */,
				0BE7767129B5F4FF004FFB75 /* Frameworks */,
				0BE7767229B5F4FF004FFB75 /* Resources */,
			);
			buildRules = (
			);
			dependencies = (
			);
			name = GIFO;
			productName = GIFO;
			productReference = 0BE7767429B5F4FF004FFB75 /* GIFO.framework */;
			productType = "com.apple.product-type.framework";
		};
		0BE7767D29B5F500004FFB75 /* GIFOTests */ = {
			isa = PBXNativeTarget;
			buildConfigurationList = 0BE7768B29B5F500004FFB75 /* Build configuration list for PBXNativeTarget "GIFOTests" */;
			buildPhases = (
				0BE7767A29B5F500004FFB75 /* Sources */,
				0BE7767B29B5F500004FFB75 /* Frameworks */,
				0BE7767C29B5F500004FFB75 /* Resources */,
			);
			buildRules = (
			);
			dependencies = (
				0BE7768129B5F500004FFB75 /* PBXTargetDependency */,
			);
			name = GIFOTests;
			productName = GIFOTests;
			productReference = 0BE7767E29B5F500004FFB75 /* GIFOTests.xctest */;
			productType = "com.apple.product-type.bundle.unit-test";
		};
/* End PBXNativeTarget section */

/* Begin PBXProject section */
		0BE7766B29B5F4FF004FFB75 /* Project object */ = {
			isa = PBXProject;
			attributes = {
				BuildIndependentTargetsInParallel = 1;
				LastSwiftUpdateCheck = 1420;
				LastUpgradeCheck = 1420;
				TargetAttributes = {
					0BE7767329B5F4FF004FFB75 = {
						CreatedOnToolsVersion = 14.2;
					};
					0BE7767D29B5F500004FFB75 = {
						CreatedOnToolsVersion = 14.2;
					};
				};
			};
			buildConfigurationList = 0BE7766E29B5F4FF004FFB75 /* Build configuration list for PBXProject "GIFO" */;
			compatibilityVersion = "Xcode 14.0";
			developmentRegion = en;
			hasScannedForEncodings = 0;
			knownRegions = (
				en,
				Base,
			);
			mainGroup = 0BE7766A29B5F4FF004FFB75;
			productRefGroup = 0BE7767529B5F4FF004FFB75 /* Products */;
			projectDirPath = "";
			projectRoot = "";
			targets = (
				0BE7767329B5F4FF004FFB75 /* GIFO */,
				0BE7767D29B5F500004FFB75 /* GIFOTests */,
			);
		};
/* End PBXProject section */

/* Begin PBXResourcesBuildPhase section */
		0BE7767229B5F4FF004FFB75 /* Resources */ = {
			isa = PBXResourcesBuildPhase;
			buildActionMask = 2147483647;
			files = (
			);
			runOnlyForDeploymentPostprocessing = 0;
		};
		0BE7767C29B5F500004FFB75 /* Resources */ = {
			isa = PBXResourcesBuildPhase;
			buildActionMask = 2147483647;
			files = (
			);
			runOnlyForDeploymentPostprocessing = 0;
		};
/* End PBXResourcesBuildPhase section */

/* Begin PBXSourcesBuildPhase section */
		0BE7767029B5F4FF004FFB75 /* Sources */ = {
			isa = PBXSourcesBuildPhase;
			buildActionMask = 2147483647;
			files = (
				0BE7769729B5F696004FFB75 /* GIFOFrameFactory.swift in Sources */,
				0BE7769329B5F680004FFB75 /* GIFOImageCache.swift in Sources */,
				0BE7769129B5F655004FFB75 /* GIFOFrame.swift in Sources */,
				0BE7769D29B5F6B1004FFB75 /* GIFODownLoader.swift in Sources */,
				0BE7769B29B5F6A7004FFB75 /* GIFOIMageView.swift in Sources */,
				0BE7769929B5F6A0004FFB75 /* GIFOAnimator.swift in Sources */,
				0BE7769529B5F68D004FFB75 /* GIFOImageCacheItem.swift in Sources */,
				0BE7767929B5F4FF004FFB75 /* GIFO.docc in Sources */,
			);
			runOnlyForDeploymentPostprocessing = 0;
		};
		0BE7767A29B5F500004FFB75 /* Sources */ = {
			isa = PBXSourcesBuildPhase;
			buildActionMask = 2147483647;
			files = (
				0BE7768429B5F500004FFB75 /* GIFOTests.swift in Sources */,
			);
			runOnlyForDeploymentPostprocessing = 0;
		};
/* End PBXSourcesBuildPhase section */

/* Begin PBXTargetDependency section */
		0BE7768129B5F500004FFB75 /* PBXTargetDependency */ = {
			isa = PBXTargetDependency;
			target = 0BE7767329B5F4FF004FFB75 /* GIFO */;
			targetProxy = 0BE7768029B5F500004FFB75 /* PBXContainerItemProxy */;
		};
/* End PBXTargetDependency section */

/* Begin XCBuildConfiguration section */
		0BE7768629B5F500004FFB75 /* Debug */ = {
			isa = XCBuildConfiguration;
			buildSettings = {
				ALWAYS_SEARCH_USER_PATHS = NO;
				CLANG_ANALYZER_NONNULL = YES;
				CLANG_ANALYZER_NUMBER_OBJECT_CONVERSION = YES_AGGRESSIVE;
				CLANG_CXX_LANGUAGE_STANDARD = "gnu++20";
				CLANG_ENABLE_MODULES = YES;
				CLANG_ENABLE_OBJC_ARC = YES;
				CLANG_ENABLE_OBJC_WEAK = YES;
				CLANG_WARN_BLOCK_CAPTURE_AUTORELEASING = YES;
				CLANG_WARN_BOOL_CONVERSION = YES;
				CLANG_WARN_COMMA = YES;
				CLANG_WARN_CONSTANT_CONVERSION = YES;
				CLANG_WARN_DEPRECATED_OBJC_IMPLEMENTATIONS = YES;
				CLANG_WARN_DIRECT_OBJC_ISA_USAGE = YES_ERROR;
				CLANG_WARN_DOCUMENTATION_COMMENTS = YES;
				CLANG_WARN_EMPTY_BODY = YES;
				CLANG_WARN_ENUM_CONVERSION = YES;
				CLANG_WARN_INFINITE_RECURSION = YES;
				CLANG_WARN_INT_CONVERSION = YES;
				CLANG_WARN_NON_LITERAL_NULL_CONVERSION = YES;
				CLANG_WARN_OBJC_IMPLICIT_RETAIN_SELF = YES;
				CLANG_WARN_OBJC_LITERAL_CONVERSION = YES;
				CLANG_WARN_OBJC_ROOT_CLASS = YES_ERROR;
				CLANG_WARN_QUOTED_INCLUDE_IN_FRAMEWORK_HEADER = YES;
				CLANG_WARN_RANGE_LOOP_ANALYSIS = YES;
				CLANG_WARN_STRICT_PROTOTYPES = YES;
				CLANG_WARN_SUSPICIOUS_MOVE = YES;
				CLANG_WARN_UNGUARDED_AVAILABILITY = YES_AGGRESSIVE;
				CLANG_WARN_UNREACHABLE_CODE = YES;
				CLANG_WARN__DUPLICATE_METHOD_MATCH = YES;
				COPY_PHASE_STRIP = NO;
				CURRENT_PROJECT_VERSION = 1;
				DEBUG_INFORMATION_FORMAT = dwarf;
				ENABLE_STRICT_OBJC_MSGSEND = YES;
				ENABLE_TESTABILITY = YES;
				GCC_C_LANGUAGE_STANDARD = gnu11;
				GCC_DYNAMIC_NO_PIC = NO;
				GCC_NO_COMMON_BLOCKS = YES;
				GCC_OPTIMIZATION_LEVEL = 0;
				GCC_PREPROCESSOR_DEFINITIONS = (
					"DEBUG=1",
					"$(inherited)",
				);
				GCC_WARN_64_TO_32_BIT_CONVERSION = YES;
				GCC_WARN_ABOUT_RETURN_TYPE = YES_ERROR;
				GCC_WARN_UNDECLARED_SELECTOR = YES;
				GCC_WARN_UNINITIALIZED_AUTOS = YES_AGGRESSIVE;
				GCC_WARN_UNUSED_FUNCTION = YES;
				GCC_WARN_UNUSED_VARIABLE = YES;
				IPHONEOS_DEPLOYMENT_TARGET = 16.2;
				MTL_ENABLE_DEBUG_INFO = INCLUDE_SOURCE;
				MTL_FAST_MATH = YES;
				ONLY_ACTIVE_ARCH = YES;
				SDKROOT = iphoneos;
				SWIFT_ACTIVE_COMPILATION_CONDITIONS = DEBUG;
				SWIFT_OPTIMIZATION_LEVEL = "-Onone";
				VALIDATE_PRODUCT = YES;
				VERSIONING_SYSTEM = "apple-generic";
				VERSION_INFO_PREFIX = "";
			};
			name = Debug;
		};
		0BE7768729B5F500004FFB75 /* Release */ = {
			isa = XCBuildConfiguration;
			buildSettings = {
				ALWAYS_SEARCH_USER_PATHS = NO;
				CLANG_ANALYZER_NONNULL = YES;
				CLANG_ANALYZER_NUMBER_OBJECT_CONVERSION = YES_AGGRESSIVE;
				CLANG_CXX_LANGUAGE_STANDARD = "gnu++20";
				CLANG_ENABLE_MODULES = YES;
				CLANG_ENABLE_OBJC_ARC = YES;
				CLANG_ENABLE_OBJC_WEAK = YES;
				CLANG_WARN_BLOCK_CAPTURE_AUTORELEASING = YES;
				CLANG_WARN_BOOL_CONVERSION = YES;
				CLANG_WARN_COMMA = YES;
				CLANG_WARN_CONSTANT_CONVERSION = YES;
				CLANG_WARN_DEPRECATED_OBJC_IMPLEMENTATIONS = YES;
				CLANG_WARN_DIRECT_OBJC_ISA_USAGE = YES_ERROR;
				CLANG_WARN_DOCUMENTATION_COMMENTS = YES;
				CLANG_WARN_EMPTY_BODY = YES;
				CLANG_WARN_ENUM_CONVERSION = YES;
				CLANG_WARN_INFINITE_RECURSION = YES;
				CLANG_WARN_INT_CONVERSION = YES;
				CLANG_WARN_NON_LITERAL_NULL_CONVERSION = YES;
				CLANG_WARN_OBJC_IMPLICIT_RETAIN_SELF = YES;
				CLANG_WARN_OBJC_LITERAL_CONVERSION = YES;
				CLANG_WARN_OBJC_ROOT_CLASS = YES_ERROR;
				CLANG_WARN_QUOTED_INCLUDE_IN_FRAMEWORK_HEADER = YES;
				CLANG_WARN_RANGE_LOOP_ANALYSIS = YES;
				CLANG_WARN_STRICT_PROTOTYPES = YES;
				CLANG_WARN_SUSPICIOUS_MOVE = YES;
				CLANG_WARN_UNGUARDED_AVAILABILITY = YES_AGGRESSIVE;
				CLANG_WARN_UNREACHABLE_CODE = YES;
				CLANG_WARN__DUPLICATE_METHOD_MATCH = YES;
				COPY_PHASE_STRIP = NO;
				CURRENT_PROJECT_VERSION = 1;
				DEBUG_INFORMATION_FORMAT = "dwarf-with-dsym";
				ENABLE_NS_ASSERTIONS = NO;
				ENABLE_STRICT_OBJC_MSGSEND = YES;
				GCC_C_LANGUAGE_STANDARD = gnu11;
				GCC_NO_COMMON_BLOCKS = YES;
				GCC_WARN_64_TO_32_BIT_CONVERSION = YES;
				GCC_WARN_ABOUT_RETURN_TYPE = YES_ERROR;
				GCC_WARN_UNDECLARED_SELECTOR = YES;
				GCC_WARN_UNINITIALIZED_AUTOS = YES_AGGRESSIVE;
				GCC_WARN_UNUSED_FUNCTION = YES;
				GCC_WARN_UNUSED_VARIABLE = YES;
				IPHONEOS_DEPLOYMENT_TARGET = 16.2;
				MTL_ENABLE_DEBUG_INFO = NO;
				MTL_FAST_MATH = YES;
				SDKROOT = iphoneos;
				SWIFT_COMPILATION_MODE = wholemodule;
				SWIFT_OPTIMIZATION_LEVEL = "-O";
				VALIDATE_PRODUCT = YES;
				VERSIONING_SYSTEM = "apple-generic";
				VERSION_INFO_PREFIX = "";
			};
			name = Release;
		};
		0BE7768929B5F500004FFB75 /* Debug */ = {
			isa = XCBuildConfiguration;
			buildSettings = {
				CODE_SIGN_STYLE = Automatic;
				CURRENT_PROJECT_VERSION = 1;
				DEFINES_MODULE = YES;
				DEVELOPMENT_TEAM = DAG6F8V8UR;
				DYLIB_COMPATIBILITY_VERSION = 1;
				DYLIB_CURRENT_VERSION = 1;
				DYLIB_INSTALL_NAME_BASE = "@rpath";
				GENERATE_INFOPLIST_FILE = YES;
				INFOPLIST_KEY_NSHumanReadableCopyright = "";
				INSTALL_PATH = "$(LOCAL_LIBRARY_DIR)/Frameworks";
				IPHONEOS_DEPLOYMENT_TARGET = 13.0;
				LD_RUNPATH_SEARCH_PATHS = (
					"$(inherited)",
					"@executable_path/Frameworks",
					"@loader_path/Frameworks",
				);
				MARKETING_VERSION = 1.0;
				PRODUCT_BUNDLE_IDENTIFIER = com.Dynamic.GIFO;
				PRODUCT_NAME = "$(TARGET_NAME:c99extidentifier)";
				SKIP_INSTALL = YES;
				SUPPORTED_PLATFORMS = "iphoneos iphonesimulator";
				SUPPORTS_MACCATALYST = NO;
				SUPPORTS_MAC_DESIGNED_FOR_IPHONE_IPAD = NO;
				SWIFT_EMIT_LOC_STRINGS = YES;
				SWIFT_VERSION = 5.0;
				TARGETED_DEVICE_FAMILY = 1;
				VALIDATE_PRODUCT = YES;
			};
			name = Debug;
		};
		0BE7768A29B5F500004FFB75 /* Release */ = {
			isa = XCBuildConfiguration;
			buildSettings = {
				CODE_SIGN_STYLE = Automatic;
				CURRENT_PROJECT_VERSION = 1;
				DEFINES_MODULE = YES;
				DEVELOPMENT_TEAM = DAG6F8V8UR;
				DYLIB_COMPATIBILITY_VERSION = 1;
				DYLIB_CURRENT_VERSION = 1;
				DYLIB_INSTALL_NAME_BASE = "@rpath";
				GENERATE_INFOPLIST_FILE = YES;
				INFOPLIST_KEY_NSHumanReadableCopyright = "";
				INSTALL_PATH = "$(LOCAL_LIBRARY_DIR)/Frameworks";
				IPHONEOS_DEPLOYMENT_TARGET = 13.0;
				LD_RUNPATH_SEARCH_PATHS = (
					"$(inherited)",
					"@executable_path/Frameworks",
					"@loader_path/Frameworks",
				);
				MARKETING_VERSION = 1.0;
				PRODUCT_BUNDLE_IDENTIFIER = com.Dynamic.GIFO;
				PRODUCT_NAME = "$(TARGET_NAME:c99extidentifier)";
				SKIP_INSTALL = YES;
				SUPPORTED_PLATFORMS = "iphoneos iphonesimulator";
				SUPPORTS_MACCATALYST = NO;
				SUPPORTS_MAC_DESIGNED_FOR_IPHONE_IPAD = NO;
				SWIFT_EMIT_LOC_STRINGS = YES;
				SWIFT_VERSION = 5.0;
				TARGETED_DEVICE_FAMILY = 1;
				VALIDATE_PRODUCT = YES;
			};
			name = Release;
		};
		0BE7768C29B5F500004FFB75 /* Debug */ = {
			isa = XCBuildConfiguration;
			buildSettings = {
				ALWAYS_EMBED_SWIFT_STANDARD_LIBRARIES = YES;
				CODE_SIGN_STYLE = Automatic;
				CURRENT_PROJECT_VERSION = 1;
				DEVELOPMENT_TEAM = DAG6F8V8UR;
				GENERATE_INFOPLIST_FILE = YES;
				MARKETING_VERSION = 1.0;
				PRODUCT_BUNDLE_IDENTIFIER = com.Dynamic.GIFOTests;
				PRODUCT_NAME = "$(TARGET_NAME)";
				SWIFT_EMIT_LOC_STRINGS = NO;
				SWIFT_VERSION = 5.0;
				TARGETED_DEVICE_FAMILY = "1,2";
			};
			name = Debug;
		};
		0BE7768D29B5F500004FFB75 /* Release */ = {
			isa = XCBuildConfiguration;
			buildSettings = {
				ALWAYS_EMBED_SWIFT_STANDARD_LIBRARIES = YES;
				CODE_SIGN_STYLE = Automatic;
				CURRENT_PROJECT_VERSION = 1;
				DEVELOPMENT_TEAM = DAG6F8V8UR;
				GENERATE_INFOPLIST_FILE = YES;
				MARKETING_VERSION = 1.0;
				PRODUCT_BUNDLE_IDENTIFIER = com.Dynamic.GIFOTests;
				PRODUCT_NAME = "$(TARGET_NAME)";
				SWIFT_EMIT_LOC_STRINGS = NO;
				SWIFT_VERSION = 5.0;
				TARGETED_DEVICE_FAMILY = "1,2";
			};
			name = Release;
		};
/* End XCBuildConfiguration section */

/* Begin XCConfigurationList section */
		0BE7766E29B5F4FF004FFB75 /* Build configuration list for PBXProject "GIFO" */ = {
			isa = XCConfigurationList;
			buildConfigurations = (
				0BE7768629B5F500004FFB75 /* Debug */,
				0BE7768729B5F500004FFB75 /* Release */,
			);
			defaultConfigurationIsVisible = 0;
			defaultConfigurationName = Release;
		};
		0BE7768829B5F500004FFB75 /* Build configuration list for PBXNativeTarget "GIFO" */ = {
			isa = XCConfigurationList;
			buildConfigurations = (
				0BE7768929B5F500004FFB75 /* Debug */,
				0BE7768A29B5F500004FFB75 /* Release */,
			);
			defaultConfigurationIsVisible = 0;
			defaultConfigurationName = Release;
		};
		0BE7768B29B5F500004FFB75 /* Build configuration list for PBXNativeTarget "GIFOTests" */ = {
			isa = XCConfigurationList;
			buildConfigurations = (
				0BE7768C29B5F500004FFB75 /* Debug */,
				0BE7768D29B5F500004FFB75 /* Release */,
			);
			defaultConfigurationIsVisible = 0;
			defaultConfigurationName = Release;
		};
/* End XCConfigurationList section */
	};
	rootObject = 0BE7766B29B5F4FF004FFB75 /* Project object */;
}
